{
  "nodes": {
    "home-manager": {
      "inputs": {
        "nixpkgs": [
          "nixpkgs"
        ]
      },
      "locked": {
        "lastModified": 1738878603,
        "narHash": "sha256-fmhq8B3MvQLawLbMO+LWLcdC2ftLMmwSk+P29icJ3tE=",
        "owner": "nix-community",
        "repo": "home-manager",
        "rev": "433799271274c9f2ab520a49527ebfe2992dcfbd",
        "type": "github"
      },
      "original": {
        "owner": "nix-community",
        "repo": "home-manager",
        "type": "github"
      }
    },
    "nerivations": {
      "inputs": {
        "nixpkgs": [
          "nixpkgs"
        ]
      },
      "locked": {
        "lastModified": 1738435576,
        "narHash": "sha256-IB6Bs1khaOa8AdnzjKWop8q3Zt2XpB/VcnXoSIOly4M=",
        "owner": "icedborn",
        "repo": "nerivations",
        "rev": "86272de23d684003ae3db74f3c138b3651e8c07a",
        "type": "github"
      },
      "original": {
        "owner": "icedborn",
        "repo": "nerivations",
        "type": "github"
      }
    },
    "nixpkgs": {
      "locked": {
        "lastModified": 1738824222,
        "narHash": "sha256-U3SNq+waitGIotmgg/Et3J7o4NvUtP2gb2VhME5QXiw=",
        "owner": "NixOS",
        "repo": "nixpkgs",
        "rev": "550e11f27ba790351d390d9eca3b80ad0f0254e7",
        "type": "github"
      },
      "original": {
        "owner": "NixOS",
        "ref": "nixos-unstable",
        "repo": "nixpkgs",
        "type": "github"
      }
    },
    "root": {
      "inputs": {
        "home-manager": "home-manager",
        "nerivations": "nerivations",
        "nixpkgs": "nixpkgs",
        "zen-browser": "zen-browser"
      }
    },
    "zen-browser": {
      "inputs": {
        "nixpkgs": [
          "nixpkgs"
        ]
      },
      "locked": {
        "lastModified": 1738984719,
        "narHash": "sha256-bejXG9u1z3Er7kcsCF3L9v7pb94J9OiuIYoO/TQgEiQ=",
        "owner": "0xc000022070",
        "repo": "zen-browser-flake",
        "rev": "e81208f101c5e6c85630fd3b35c798e1ac77f1d4",
        "type": "github"
      },
      "original": {
        "owner": "0xc000022070",
        "repo": "zen-browser-flake",
        "type": "github"
      }
    }
  },
  "root": "root",
  "version": 7
}
