{
  "nodes": {
    "calls-patch": {
      "inputs": {
        "nixpkgs": [
          "nixpkgs"
        ]
      },
      "locked": {
        "lastModified": 1739072712,
        "narHash": "sha256-BnSVOWKz40Ef7ZOE2CSoz0m39Lu9pmNCHsXoV2SQYsg=",
        "ref": "refs/heads/master",
        "rev": "3735024ec16bb6bff33ee8357461dd4494d642fd",
        "revCount": 4,
        "type": "git",
        "url": "https://gitea.knp.one/jim3692/calls-patch"
      },
      "original": {
        "type": "git",
        "url": "https://gitea.knp.one/jim3692/calls-patch"
      }
    },
    "home-manager": {
      "inputs": {
        "nixpkgs": [
          "nixpkgs"
        ]
      },
      "locked": {
        "lastModified": 1743097780,
        "narHash": "sha256-5tUbaMBKYbfTe/4aXACxmiXG22TgwPBNcfZ8Kg3rt+g=",
        "owner": "nix-community",
        "repo": "home-manager",
        "rev": "b14a70c40f4fd0b73d095ab04a7c6e31fbc18e52",
        "type": "github"
      },
      "original": {
        "owner": "nix-community",
        "repo": "home-manager",
        "type": "github"
      }
    },
    "nerivations": {
      "inputs": {
        "nixpkgs": [
          "nixpkgs"
        ]
      },
      "locked": {
        "lastModified": 1741439098,
        "narHash": "sha256-IB6Bs1khaOa8AdnzjKWop8q3Zt2XpB/VcnXoSIOly4M=",
        "owner": "icedborn",
        "repo": "nerivations",
        "rev": "d90abde584f3f4c34691547d1b24ec60f9df18f5",
        "type": "github"
      },
      "original": {
        "owner": "icedborn",
        "repo": "nerivations",
        "type": "github"
      }
    },
    "nixpkgs": {
      "locked": {
        "lastModified": 1742889210,
        "narHash": "sha256-hw63HnwnqU3ZQfsMclLhMvOezpM7RSB0dMAtD5/sOiw=",
        "owner": "NixOS",
        "repo": "nixpkgs",
        "rev": "698214a32beb4f4c8e3942372c694f40848b360d",
        "type": "github"
      },
      "original": {
        "owner": "NixOS",
        "ref": "nixos-unstable",
        "repo": "nixpkgs",
        "type": "github"
      }
    },
    "root": {
      "inputs": {
        "calls-patch": "calls-patch",
        "home-manager": "home-manager",
        "nerivations": "nerivations",
        "nixpkgs": "nixpkgs",
        "zen-browser": "zen-browser"
      }
    },
    "zen-browser": {
      "inputs": {
        "nixpkgs": [
          "nixpkgs"
        ]
      },
      "locked": {
        "lastModified": 1743113847,
        "narHash": "sha256-V3tXOM6AHATgDOhZ0eih1Qa/7hmxjR5wPrO47i1LHkw=",
        "owner": "0xc000022070",
        "repo": "zen-browser-flake",
        "rev": "85596d964350861825f642de9fc2154ac06bfc05",
        "type": "github"
      },
      "original": {
        "owner": "0xc000022070",
        "repo": "zen-browser-flake",
        "type": "github"
      }
    }
  },
  "root": "root",
  "version": 7
}
